# THIS IS AN AUTOGENERATED FILE. DO NOT EDIT THIS FILE DIRECTLY.
# yarn lockfile v1


"@cspotcode/source-map-consumer@0.8.0":
  version "0.8.0"
  resolved "https://registry.nlark.com/@cspotcode/source-map-consumer/download/@cspotcode/source-map-consumer-0.8.0.tgz#33bf4b7b39c178821606f669bbc447a6a629786b"
  integrity sha1-M79LeznBeIIWBvZpu8RHpqYpeGs=

"@cspotcode/source-map-support@0.6.1":
  version "0.6.1"
  resolved "https://registry.nlark.com/@cspotcode/source-map-support/download/@cspotcode/source-map-support-0.6.1.tgz?cache=0&sync_timestamp=1628464861456&other_urls=https%3A%2F%2Fregistry.nlark.com%2F%40cspotcode%2Fsource-map-support%2Fdownload%2F%40cspotcode%2Fsource-map-support-0.6.1.tgz#118511f316e2e87ee4294761868e254d3da47960"
  integrity sha1-EYUR8xbi6H7kKUdhho4lTT2keWA=
  dependencies:
    "@cspotcode/source-map-consumer" "0.8.0"

"@tsconfig/node10@^1.0.7":
  version "1.0.8"
  resolved "https://registry.nlark.com/@tsconfig/node10/download/@tsconfig/node10-1.0.8.tgz?cache=0&sync_timestamp=1623230113943&other_urls=https%3A%2F%2Fregistry.nlark.com%2F%40tsconfig%2Fnode10%2Fdownload%2F%40tsconfig%2Fnode10-1.0.8.tgz#c1e4e80d6f964fbecb3359c43bd48b40f7cadad9"
  integrity sha1-weToDW+WT77LM1nEO9SLQPfK2tk=

"@tsconfig/node12@^1.0.7":
  version "1.0.9"
  resolved "https://registry.nlark.com/@tsconfig/node12/download/@tsconfig/node12-1.0.9.tgz?cache=0&sync_timestamp=1624076106869&other_urls=https%3A%2F%2Fregistry.nlark.com%2F%40tsconfig%2Fnode12%2Fdownload%2F%40tsconfig%2Fnode12-1.0.9.tgz#62c1f6dee2ebd9aead80dc3afa56810e58e1a04c"
  integrity sha1-YsH23uLr2a6tgNw6+laBDljhoEw=

"@tsconfig/node14@^1.0.0":
  version "1.0.1"
  resolved "https://registry.nlark.com/@tsconfig/node14/download/@tsconfig/node14-1.0.1.tgz#95f2d167ffb9b8d2068b0b235302fafd4df711f2"
  integrity sha1-lfLRZ/+5uNIGiwsjUwL6/U33EfI=

"@tsconfig/node16@^1.0.2":
  version "1.0.2"
  resolved "https://registry.nlark.com/@tsconfig/node16/download/@tsconfig/node16-1.0.2.tgz?cache=0&sync_timestamp=1626840702633&other_urls=https%3A%2F%2Fregistry.nlark.com%2F%40tsconfig%2Fnode16%2Fdownload%2F%40tsconfig%2Fnode16-1.0.2.tgz#423c77877d0569db20e1fc80885ac4118314010e"
  integrity sha1-Qjx3h30Fadsg4fyAiFrEEYMUAQ4=

"@types/mathjs@^6.0.11":
  version "6.0.11"
  resolved "https://registry.npm.taobao.org/@types/mathjs/download/@types/mathjs-6.0.11.tgz#bf24c1ed875252274008d2c373bad07e0348adfb"
  integrity sha1-vyTB7YdSUidACNLDc7rQfgNIrfs=
  dependencies:
    decimal.js "^10.0.0"

acorn-walk@^8.1.1:
  version "8.1.1"
  resolved "https://registry.nlark.com/acorn-walk/download/acorn-walk-8.1.1.tgz#3ddab7f84e4a7e2313f6c414c5b7dac85f4e3ebc"
  integrity sha1-Pdq3+E5KfiMT9sQUxbfayF9OPrw=

acorn@^8.4.1:
  version "8.4.1"
  resolved "https://registry.nlark.com/acorn/download/acorn-8.4.1.tgz#56c36251fc7cabc7096adc18f05afe814321a28c"
  integrity sha1-VsNiUfx8q8cJatwY8Fr+gUMhoow=

arg@^4.1.0:
  version "4.1.3"
  resolved "https://registry.npm.taobao.org/arg/download/arg-4.1.3.tgz?cache=0&sync_timestamp=1605574972657&other_urls=https%3A%2F%2Fregistry.npm.taobao.org%2Farg%2Fdownload%2Farg-4.1.3.tgz#269fc7ad5b8e42cb63c896d5666017261c144089"
  integrity sha1-Jp/HrVuOQstjyJbVZmAXJhwUQIk=

complex.js@^2.0.11:
  version "2.0.11"
  resolved "https://registry.npm.taobao.org/complex.js/download/complex.js-2.0.11.tgz#09a873fbf15ffd8c18c9c2201ccef425c32b8bf1"
  integrity sha1-Cahz+/Ff/YwYycIgHM70JcMri/E=

create-require@^1.1.0:
  version "1.1.1"
  resolved "https://registry.npm.taobao.org/create-require/download/create-require-1.1.1.tgz#c1d7e8f1e5f6cfc9ff65f9cd352d37348756c333"
  integrity sha1-wdfo8eX2z8n/ZfnNNS03NIdWwzM=

decimal.js@^10.0.0, decimal.js@^10.2.1:
  version "10.2.1"
  resolved "https://registry.npm.taobao.org/decimal.js/download/decimal.js-10.2.1.tgz#238ae7b0f0c793d3e3cea410108b35a2c01426a3"
  integrity sha1-I4rnsPDHk9PjzqQQEIs1osAUJqM=

diff@^4.0.1:
  version "4.0.2"
  resolved "https://registry.npm.taobao.org/diff/download/diff-4.0.2.tgz?cache=0&sync_timestamp=1604803664325&other_urls=https%3A%2F%2Fregistry.npm.taobao.org%2Fdiff%2Fdownload%2Fdiff-4.0.2.tgz#60f3aecb89d5fae520c11aa19efc2bb982aade7d"
  integrity sha1-YPOuy4nV+uUgwRqhnvwruYKq3n0=

escape-latex@^1.2.0:
  version "1.2.0"
  resolved "https://registry.npm.taobao.org/escape-latex/download/escape-latex-1.2.0.tgz#07c03818cf7dac250cce517f4fda1b001ef2bca1"
  integrity sha1-B8A4GM99rCUMzlF/T9obAB7yvKE=

fraction.js@^4.0.13:
  version "4.0.13"
  resolved "https://registry.npm.taobao.org/fraction.js/download/fraction.js-4.0.13.tgz?cache=0&sync_timestamp=1608864896341&other_urls=https%3A%2F%2Fregistry.npm.taobao.org%2Ffraction.js%2Fdownload%2Ffraction.js-4.0.13.tgz#3c1c315fa16b35c85fffa95725a36fa729c69dfe"
  integrity sha1-PBwxX6FrNchf/6lXJaNvpynGnf4=

is-any-array@^1.0.0:
  version "1.0.1"
  resolved "https://registry.nlark.com/is-any-array/download/is-any-array-1.0.1.tgz?cache=0&sync_timestamp=1630582544762&other_urls=https%3A%2F%2Fregistry.nlark.com%2Fis-any-array%2Fdownload%2Fis-any-array-1.0.1.tgz#05fedec1a4dced1854bd279b2ec5df431e5bea9e"
  integrity sha1-Bf7ewaTc7RhUvSebLsXfQx5b6p4=

javascript-natural-sort@^0.7.1:
  version "0.7.1"
  resolved "https://registry.npm.taobao.org/javascript-natural-sort/download/javascript-natural-sort-0.7.1.tgz#f9e2303d4507f6d74355a73664d1440fb5a0ef59"
  integrity sha1-+eIwPUUH9tdDVac2ZNFED7Wg71k=

make-error@^1.1.1:
  version "1.3.6"
  resolved "https://registry.npm.taobao.org/make-error/download/make-error-1.3.6.tgz#2eb2e37ea9b67c4891f684a1394799af484cf7a2"
  integrity sha1-LrLjfqm2fEiR9oShOUeZr0hM96I=

mathjs@^9.0.0:
  version "9.0.0"
  resolved "https://registry.npm.taobao.org/mathjs/download/mathjs-9.0.0.tgz?cache=0&sync_timestamp=1610796885649&other_urls=https%3A%2F%2Fregistry.npm.taobao.org%2Fmathjs%2Fdownload%2Fmathjs-9.0.0.tgz#2edd3dfdca805d7e0e5454a46b2798d95a837887"
  integrity sha1-Lt09/cqAXX4OVFSkayeY2VqDeIc=
  dependencies:
    complex.js "^2.0.11"
    decimal.js "^10.2.1"
    escape-latex "^1.2.0"
    fraction.js "^4.0.13"
    javascript-natural-sort "^0.7.1"
    seedrandom "^3.0.5"
    tiny-emitter "^2.1.0"
    typed-function "^2.0.0"

matrix-js@^1.6.0:
  version "1.6.0"
  resolved "https://registry.nlark.com/matrix-js/download/matrix-js-1.6.0.tgz#7776240ed7d7a9b38fa1d8ecb061ca7f17858f66"
  integrity sha1-d3YkDtfXqbOPodjssGHKfxeFj2Y=

ml-array-max@^1.2.3:
  version "1.2.3"
  resolved "https://registry.npm.taobao.org/ml-array-max/download/ml-array-max-1.2.3.tgz?cache=0&sync_timestamp=1616592381873&other_urls=https%3A%2F%2Fregistry.npm.taobao.org%2Fml-array-max%2Fdownload%2Fml-array-max-1.2.3.tgz#92d1ffef667432d1451d35817a7276c528635e64"
  integrity sha1-ktH/72Z0MtFFHTWBenJ2xShjXmQ=
  dependencies:
    is-any-array "^1.0.0"

ml-array-min@^1.2.2:
  version "1.2.2"
  resolved "https://registry.nlark.com/ml-array-min/download/ml-array-min-1.2.2.tgz#abd68512a57fe8499513e6f2265533807e2bbe6b"
  integrity sha1-q9aFEqV/6EmVE+byJlUzgH4rvms=
  dependencies:
    is-any-array "^1.0.0"

ml-array-rescale@^1.3.5:
  version "1.3.6"
  resolved "https://registry.nlark.com/ml-array-rescale/download/ml-array-rescale-1.3.6.tgz#060d1c636fbb5f877265f4fcc4e0e157521d615a"
  integrity sha1-Bg0cY2+7X4dyZfT8xODhV1IdYVo=
  dependencies:
    is-any-array "^1.0.0"
    ml-array-max "^1.2.3"
    ml-array-min "^1.2.2"

ml-matrix@^6.8.0:
  version "6.8.0"
  resolved "https://registry.nlark.com/ml-matrix/download/ml-matrix-6.8.0.tgz?cache=0&sync_timestamp=1619161719029&other_urls=https%3A%2F%2Fregistry.nlark.com%2Fml-matrix%2Fdownload%2Fml-matrix-6.8.0.tgz#55429ea9625def03ba34e7c8e6ca490409127aa6"
  integrity sha1-VUKeqWJd7wO6NOfI5spJBAkSeqY=
  dependencies:
    ml-array-rescale "^1.3.5"

seedrandom@^3.0.5:
  version "3.0.5"
  resolved "https://registry.npm.taobao.org/seedrandom/download/seedrandom-3.0.5.tgz#54edc85c95222525b0c7a6f6b3543d8e0b3aa0a7"
  integrity sha1-VO3IXJUiJSWwx6b2s1Q9jgs6oKc=

tiny-emitter@^2.1.0:
  version "2.1.0"
  resolved "https://registry.npm.taobao.org/tiny-emitter/download/tiny-emitter-2.1.0.tgz#1d1a56edfc51c43e863cbb5382a72330e3555423"
  integrity sha1-HRpW7fxRxD6GPLtTgqcjMONVVCM=

ts-node@^10.2.1:
  version "10.2.1"
  resolved "https://registry.nlark.com/ts-node/download/ts-node-10.2.1.tgz?cache=0&sync_timestamp=1629307547797&other_urls=https%3A%2F%2Fregistry.nlark.com%2Fts-node%2Fdownload%2Fts-node-10.2.1.tgz#4cc93bea0a7aba2179497e65bb08ddfc198b3ab5"
  integrity sha1-TMk76gp6uiF5SX5luwjd/BmLOrU=
  dependencies:
    "@cspotcode/source-map-support" "0.6.1"
    "@tsconfig/node10" "^1.0.7"
    "@tsconfig/node12" "^1.0.7"
    "@tsconfig/node14" "^1.0.0"
    "@tsconfig/node16" "^1.0.2"
    acorn "^8.4.1"
    acorn-walk "^8.1.1"
    arg "^4.1.0"
    create-require "^1.1.0"
    diff "^4.0.1"
    make-error "^1.1.1"
    yn "3.1.1"

typed-function@^2.0.0:
  version "2.0.0"
  resolved "https://registry.npm.taobao.org/typed-function/download/typed-function-2.0.0.tgz#15ab3825845138a8b1113bd89e60cd6a435739e8"
  integrity sha1-Fas4JYRROKixETvYnmDNakNXOeg=

typescript@^4.4.3:
  version "4.4.3"
  resolved "https://registry.nlark.com/typescript/download/typescript-4.4.3.tgz?cache=0&sync_timestamp=1631862948892&other_urls=https%3A%2F%2Fregistry.nlark.com%2Ftypescript%2Fdownload%2Ftypescript-4.4.3.tgz#bdc5407caa2b109efd4f82fe130656f977a29324"
  integrity sha1-vcVAfKorEJ79T4L+EwZW+XeikyQ=

yn@3.1.1:
  version "3.1.1"
  resolved "https://registry.npm.taobao.org/yn/download/yn-3.1.1.tgz#1e87401a09d767c1d5eab26a6e4c185182d2eb50"
  integrity sha1-HodAGgnXZ8HV6rJqbkwYUYLS61A=
